
Microsoft Visual Studio Solution File, Format Version 12.00
# Visual Studio 2012
Project("{FAE04EC0-301F-11D3-BF4B-00C04F79EFBC}") = "Emlak_Takip_Programi", "Emlak_Takip_Programi\Emlak_Takip_Programi.csproj", "{3F40962A-A4B9-4923-988D-451870C55E52}"
EndProject
Global
	GlobalSection(SolutionConfigurationPlatforms) = preSolution
		Debug|Any CPU = Debug|Any CPU
		Release|Any CPU = Release|Any CPU
	EndGlobalSection
	GlobalSection(ProjectConfigurationPlatforms) = postSolution
		{3F40962A-A4B9-4923-988D-451870C55E52}.Debug|Any CPU.ActiveCfg = Debug|Any CPU
		{3F40962A-A4B9-4923-988D-451870C55E52}.Debug|Any CPU.Build.0 = Debug|Any CPU
		{3F40962A-A4B9-4923-988D-451870C55E52}.Release|Any CPU.ActiveCfg = Release|Any CPU
		{3F40962A-A4B9-4923-988D-451870C55E52}.Release|Any CPU.Build.0 = Release|Any CPU
	EndGlobalSection
	GlobalSection(SolutionProperties) = preSolution
		HideSolutionNode = FALSE
	EndGlobalSection
EndGlobal
